<Solution>
  <Folder Name="/benchmarks/">
    <Project Path="benchmarks/TCJ.Benchmarks/TCJ.Benchmarks.csproj" />
  </Folder>
  <Folder Name="/fuzz/">
    <Project Path="fuzz/TCJ.FuzzTests/TCJ.FuzzTests.csproj" />
  </Folder>
  <Folder Name="/samples/">
    <Project Path="samples/TCJ.Empty/TCJ.Empty.csproj" />
  </Folder>
  <Folder Name="/src/">
    <Project Path="src/TCJ.Analyzers/TCJ.Analyzers.csproj" />
    <Project Path="src/TCJ.Analyzers.CodeFixes/TCJ.Analyzers.CodeFixes.csproj" />
    <Project Path="src/TCJ.AspNetCore/TCJ.AspNetCore.csproj" />
    <Project Path="src/TCJ.Core/TCJ.Core.csproj" />
    <Project Path="src/TCJ.DependencyInjection/TCJ.DependencyInjection.csproj" />
    <Project Path="src/TCJ.EntityFrameworkCore.SqlServer/TCJ.EntityFrameworkCore.SqlServer.csproj" />
    <Project Path="src/TCJ.EntityFrameworkCore/TCJ.EntityFrameworkCore.csproj" />
  </Folder>
  <Folder Name="/tests/">
    <Project Path="tests/TCJ.Analyzers.Tests/TCJ.Analyzers.Tests.csproj" />
    <Project Path="tests/TCJ.Architecture.Tests/TCJ.Architecture.Tests.csproj" />
    <Project Path="tests/TCJ.AspNetCore.IntegrationTests/TCJ.AspNetCore.IntegrationTests.csproj" />
    <Project Path="tests/TCJ.AspNetCore.Tests/TCJ.AspNetCore.Tests.csproj" />
    <Project Path="tests/TCJ.Core.Tests/TCJ.Core.Tests.csproj" />
    <Project Path="tests/TCJ.Concurrency.Tests/TCJ.Concurrency.Tests.csproj" />
    <Project Path="tests/TCJ.DependencyInjection.Tests/TCJ.DependencyInjection.Tests.csproj" />
    <Project Path="tests/TCJ.EntityFrameworkCore.SqlServer.IntegrationTests/TCJ.EntityFrameworkCore.SqlServer.IntegrationTests.csproj" />
    <Project Path="tests/TCJ.EntityFrameworkCore.SqlServer.Tests/TCJ.EntityFrameworkCore.SqlServer.Tests.csproj" />
    <Project Path="tests/TCJ.EntityFrameworkCore.Tests/TCJ.EntityFrameworkCore.Tests.csproj" />
    <Project Path="tests/TCJ.HealthChecks.Tests/TCJ.HealthChecks.Tests.csproj" />
    <Project Path="tests/TCJ.PropertyTests/TCJ.PropertyTests.csproj" />
    <Project Path="tests/TCJ.Resilience.Tests/TCJ.Resilience.Tests.csproj" />
    <Project Path="tests/TCJ.Observability.Tests/TCJ.Observability.Tests.csproj" />
    <Project Path="tests/TCJ.Outbox.Tests/TCJ.Outbox.Tests.csproj" />
  </Folder>
</Solution>
